
Microsoft Visual Studio Solution File, Format Version 12.00
# Visual Studio 15
VisualStudioVersion = 15.0.28307.329
MinimumVisualStudioVersion = 10.0.40219.1
Project("{FAE04EC0-301F-11D3-BF4B-00C04F79EFBC}") = "GameOfTwoStacks_DanielVilar", "GameOfTwoStacks_DanielVilar\GameOfTwoStacks_DanielVilar.csproj", "{4E55F14B-9BFA-4EB0-B35C-C71E5C5DD763}"
EndProject
Project("{FAE04EC0-301F-11D3-BF4B-00C04F79EFBC}") = "UnitTest_GameOfTwoStacks", "UnitTest_GameOfTwoStacks\UnitTest_GameOfTwoStacks.csproj", "{96440CA7-51A8-44B6-AD03-723F29802966}"
EndProject
Global
	GlobalSection(SolutionConfigurationPlatforms) = preSolution
		Debug|Any CPU = Debug|Any CPU
		Release|Any CPU = Release|Any CPU
	EndGlobalSection
	GlobalSection(ProjectConfigurationPlatforms) = postSolution
		{4E55F14B-9BFA-4EB0-B35C-C71E5C5DD763}.Debug|Any CPU.ActiveCfg = Debug|Any CPU
		{4E55F14B-9BFA-4EB0-B35C-C71E5C5DD763}.Debug|Any CPU.Build.0 = Debug|Any CPU
		{4E55F14B-9BFA-4EB0-B35C-C71E5C5DD763}.Release|Any CPU.ActiveCfg = Release|Any CPU
		{4E55F14B-9BFA-4EB0-B35C-C71E5C5DD763}.Release|Any CPU.Build.0 = Release|Any CPU
		{96440CA7-51A8-44B6-AD03-723F29802966}.Debug|Any CPU.ActiveCfg = Debug|Any CPU
		{96440CA7-51A8-44B6-AD03-723F29802966}.Debug|Any CPU.Build.0 = Debug|Any CPU
		{96440CA7-51A8-44B6-AD03-723F29802966}.Release|Any CPU.ActiveCfg = Release|Any CPU
		{96440CA7-51A8-44B6-AD03-723F29802966}.Release|Any CPU.Build.0 = Release|Any CPU
	EndGlobalSection
	GlobalSection(SolutionProperties) = preSolution
		HideSolutionNode = FALSE
	EndGlobalSection
	GlobalSection(ExtensibilityGlobals) = postSolution
		SolutionGuid = {5FABFBD5-111C-45FF-AC4D-F04A6566B211}
	EndGlobalSection
EndGlobal
